
Microsoft Visual Studio Solution File, Format Version 12.00
# Visual Studio Version 16
VisualStudioVersion = 16.0.29503.13
MinimumVisualStudioVersion = 10.0.40219.1
Project("{FAE04EC0-301F-11D3-BF4B-00C04F79EFBC}") = "Agnosis", "Agnosis\Agnosis.csproj", "{6CE1CAE7-D995-40E0-B02C-E06777E5AD60}"
EndProject
Global
	GlobalSection(SolutionConfigurationPlatforms) = preSolution
		Debug|Any CPU = Debug|Any CPU
		Release|Any CPU = Release|Any CPU
	EndGlobalSection
	GlobalSection(ProjectConfigurationPlatforms) = postSolution
		{6CE1CAE7-D995-40E0-B02C-E06777E5AD60}.Debug|Any CPU.ActiveCfg = Debug|Any CPU
		{6CE1CAE7-D995-40E0-B02C-E06777E5AD60}.Debug|Any CPU.Build.0 = Debug|Any CPU
		{6CE1CAE7-D995-40E0-B02C-E06777E5AD60}.Release|Any CPU.ActiveCfg = Release|Any CPU
		{6CE1CAE7-D995-40E0-B02C-E06777E5AD60}.Release|Any CPU.Build.0 = Release|Any CPU
	EndGlobalSection
	GlobalSection(SolutionProperties) = preSolution
		HideSolutionNode = FALSE
	EndGlobalSection
	GlobalSection(ExtensibilityGlobals) = postSolution
		SolutionGuid = {7A15D130-18B2-43AE-A865-A875CF17F2AA}
	EndGlobalSection
EndGlobal
